{
  "originHash" : "79c2666eeebc9e973e1a99a2523b8dbcd13cad7caca4c4da7d7d2bc011859abd",
  "pins" : [
    {
      "identity" : "kingfisher",
      "kind" : "remoteSourceControl",
      "location" : "https://github.com/onevcat/Kingfisher",
      "state" : {
        "revision" : "4d75de347da985a70c63af4d799ed482021f6733",
        "version" : "8.6.1"
      }
    },
    {
      "identity" : "productkit",
      "kind" : "remoteSourceControl",
      "location" : "https://github.com/sanazbahmankhahios/ProductKit.git",
      "state" : {
        "branch" : "main",
        "revision" : "df21995383a051c98149b9deb87d69d4acbe4c25"
      }
    }
  ],
  "version" : 3
}
